
Microsoft Visual Studio Solution File, Format Version 12.00
# Visual Studio Version 17
VisualStudioVersion = 17.7.34031.279
MinimumVisualStudioVersion = 10.0.40219.1
Project("{FAE04EC0-301F-11D3-BF4B-00C04F79EFBC}") = "U3_Practica-10", "U3_Practica-10.csproj", "{F966A3C4-CA34-4BC9-B4B5-1E17B9AA9116}"
EndProject
Global
	GlobalSection(SolutionConfigurationPlatforms) = preSolution
		Debug|Any CPU = Debug|Any CPU
		Release|Any CPU = Release|Any CPU
	EndGlobalSection
	GlobalSection(ProjectConfigurationPlatforms) = postSolution
		{F966A3C4-CA34-4BC9-B4B5-1E17B9AA9116}.Debug|Any CPU.ActiveCfg = Debug|Any CPU
		{F966A3C4-CA34-4BC9-B4B5-1E17B9AA9116}.Debug|Any CPU.Build.0 = Debug|Any CPU
		{F966A3C4-CA34-4BC9-B4B5-1E17B9AA9116}.Release|Any CPU.ActiveCfg = Release|Any CPU
		{F966A3C4-CA34-4BC9-B4B5-1E17B9AA9116}.Release|Any CPU.Build.0 = Release|Any CPU
	EndGlobalSection
	GlobalSection(SolutionProperties) = preSolution
		HideSolutionNode = FALSE
	EndGlobalSection
	GlobalSection(ExtensibilityGlobals) = postSolution
		SolutionGuid = {0BB426D6-A29F-4F89-B715-A816D534ED94}
	EndGlobalSection
EndGlobal
